
Microsoft Visual Studio Solution File, Format Version 12.00
Project("{FAE04EC0-301F-11D3-BF4B-00C04F79EFBC}") = "RPI-LED", "RPI-LED\RPI-LED.csproj", "{A18754F6-2207-4770-8E75-A144A141B135}"
EndProject
Global
	GlobalSection(SolutionConfigurationPlatforms) = preSolution
		Debug|Any CPU = Debug|Any CPU
		Release|Any CPU = Release|Any CPU
	EndGlobalSection
	GlobalSection(ProjectConfigurationPlatforms) = postSolution
		{A18754F6-2207-4770-8E75-A144A141B135}.Debug|Any CPU.ActiveCfg = Debug|Any CPU
		{A18754F6-2207-4770-8E75-A144A141B135}.Debug|Any CPU.Build.0 = Debug|Any CPU
		{A18754F6-2207-4770-8E75-A144A141B135}.Release|Any CPU.ActiveCfg = Release|Any CPU
		{A18754F6-2207-4770-8E75-A144A141B135}.Release|Any CPU.Build.0 = Release|Any CPU
	EndGlobalSection
EndGlobal
